
Microsoft Visual Studio Solution File, Format Version 12.00
# Visual Studio Version 16
VisualStudioVersion = 16.0.31605.320
MinimumVisualStudioVersion = 10.0.40219.1
Project("{FAE04EC0-301F-11D3-BF4B-00C04F79EFBC}") = "KDW", "KDW\KDW.csproj", "{7C73C422-3AC8-4B16-97C3-11F793FFD43C}"
EndProject
Global
	GlobalSection(SolutionConfigurationPlatforms) = preSolution
		Debug|Any CPU = Debug|Any CPU
		Release|Any CPU = Release|Any CPU
	EndGlobalSection
	GlobalSection(ProjectConfigurationPlatforms) = postSolution
		{7C73C422-3AC8-4B16-97C3-11F793FFD43C}.Debug|Any CPU.ActiveCfg = Debug|Any CPU
		{7C73C422-3AC8-4B16-97C3-11F793FFD43C}.Debug|Any CPU.Build.0 = Debug|Any CPU
		{7C73C422-3AC8-4B16-97C3-11F793FFD43C}.Release|Any CPU.ActiveCfg = Release|Any CPU
		{7C73C422-3AC8-4B16-97C3-11F793FFD43C}.Release|Any CPU.Build.0 = Release|Any CPU
	EndGlobalSection
	GlobalSection(SolutionProperties) = preSolution
		HideSolutionNode = FALSE
	EndGlobalSection
	GlobalSection(ExtensibilityGlobals) = postSolution
		SolutionGuid = {CC2819FE-383D-4742-83B7-5E1C0B432F06}
	EndGlobalSection
EndGlobal
